
Microsoft Visual Studio Solution File, Format Version 12.00
# Visual Studio 15
VisualStudioVersion = 15.0.27428.2037
MinimumVisualStudioVersion = 10.0.40219.1
Project("{FAE04EC0-301F-11D3-BF4B-00C04F79EFBC}") = "顺序查找1", "排序\顺序查找1.csproj", "{18F8DB09-A811-4AD1-86F5-E27400BA5604}"
EndProject
Project("{FAE04EC0-301F-11D3-BF4B-00C04F79EFBC}") = "顺序查找2", "顺序查找2\顺序查找2.csproj", "{D3486E68-4282-4D52-8C98-4A03180BDB15}"
EndProject
Global
	GlobalSection(SolutionConfigurationPlatforms) = preSolution
		Debug|Any CPU = Debug|Any CPU
		Release|Any CPU = Release|Any CPU
	EndGlobalSection
	GlobalSection(ProjectConfigurationPlatforms) = postSolution
		{18F8DB09-A811-4AD1-86F5-E27400BA5604}.Debug|Any CPU.ActiveCfg = Debug|Any CPU
		{18F8DB09-A811-4AD1-86F5-E27400BA5604}.Debug|Any CPU.Build.0 = Debug|Any CPU
		{18F8DB09-A811-4AD1-86F5-E27400BA5604}.Release|Any CPU.ActiveCfg = Release|Any CPU
		{18F8DB09-A811-4AD1-86F5-E27400BA5604}.Release|Any CPU.Build.0 = Release|Any CPU
		{D3486E68-4282-4D52-8C98-4A03180BDB15}.Debug|Any CPU.ActiveCfg = Debug|Any CPU
		{D3486E68-4282-4D52-8C98-4A03180BDB15}.Debug|Any CPU.Build.0 = Debug|Any CPU
		{D3486E68-4282-4D52-8C98-4A03180BDB15}.Release|Any CPU.ActiveCfg = Release|Any CPU
		{D3486E68-4282-4D52-8C98-4A03180BDB15}.Release|Any CPU.Build.0 = Release|Any CPU
	EndGlobalSection
	GlobalSection(SolutionProperties) = preSolution
		HideSolutionNode = FALSE
	EndGlobalSection
	GlobalSection(ExtensibilityGlobals) = postSolution
		SolutionGuid = {8A1B0569-86ED-4363-B5C2-4520A8D0434C}
	EndGlobalSection
EndGlobal
